<?xml version="1.0" encoding="UTF-8"?>
<Scheme
   version = "1.3">
   <BuildAction>
      <BuildActionEntries>
         <BuildActionEntry
            buildForRunning = "YES">
            <BuildableReference
               BuildableIdentifier = "primary"
               BlueprintIdentifier = "E25AF7E87965ACF24C7FD4FC"
               BuildableName = "PasswordTrainer.app"
               BlueprintName = "PasswordTrainer"
               ReferencedContainer = "container:PasswordTrainer.xcodeproj">
            </BuildableReference>
         </BuildActionEntry>
      </BuildActionEntries>
   </BuildAction>
   <LaunchAction
      useCustomWorkingDirectory = "NO"
      buildConfiguration = "Debug"
      allowLocationSimulation = "YES">
      <BuildableProductRunnable>
         <BuildableReference
            BuildableIdentifier = "primary"
            BlueprintIdentifier = "E25AF7E87965ACF24C7FD4FC"
            BuildableName = "PasswordTrainer.app"
            BlueprintName = "PasswordTrainer"
            ReferencedContainer = "container:PasswordTrainer.xcodeproj">
         </BuildableReference>
      </BuildableProductRunnable>
   </LaunchAction>
</Scheme>
